{
  "name": "ipld-car",
  "lockfileVersion": 3,
  "requires": true,
  "packages": {
    "": {
      "name": "ipld-car",
      "dependencies": {
        "@noble/hashes": "^1.4.0"
      },
      "devDependencies": {
        "@ipld/car": "^5.4.7",
        "multiformats": "^14.0.5",
        "nbb": "^1.4.208"
      }
    },
    "node_modules/@ipld/car": {
      "version": "5.4.7",
      "resolved": "https://registry.npmjs.org/@ipld/car/-/car-5.4.7.tgz",
      "integrity": "sha512-fohzeOYlm0vM1kGn48zcyDunamXSJaeM5xt0Fmkp5YJkZzgZyjLbb0DcDK6TDgZWo54btkXNACaXUw2H86Elag==",
      "dev": true,
      "license": "Apache-2.0 OR MIT",
      "dependencies": {
        "@ipld/dag-cbor": "^10.0.1",
        "cborg": "^6.1.1",
        "multiformats": "^14.0.0",
        "varint": "^6.0.0"
      },
      "engines": {
        "node": ">=16.0.0",
        "npm": ">=7.0.0"
      }
    },
    "node_modules/@ipld/dag-cbor": {
      "version": "10.0.2",
      "resolved": "https://registry.npmjs.org/@ipld/dag-cbor/-/dag-cbor-10.0.2.tgz",
      "integrity": "sha512-1eCD4YMTlkx5i36oQUmeAojLS/wu+XCd1Gs31BA0afk0TaVkhnyMofIAT/pi0wV3HS3/G7QSN/1NibhiksMyZQ==",
      "dev": true,
      "license": "Apache-2.0 OR MIT",
      "dependencies": {
        "cborg": "^6.1.1",
        "multiformats": "^14.0.0"
      }
    },
    "node_modules/@noble/hashes": {
      "version": "1.8.0",
      "resolved": "https://registry.npmjs.org/@noble/hashes/-/hashes-1.8.0.tgz",
      "integrity": "sha512-jCs9ldd7NwzpgXDIf6P3+NrHh9/sD6CQdxHyjQI+h/6rDNo88ypBxxz45UDuZHz9r3tNz7N/VInSVoVdtXEI4A==",
      "license": "MIT",
      "engines": {
        "node": "^14.21.3 || >=16"
      },
      "funding": {
        "url": "https://paulmillr.com/funding/"
      }
    },
    "node_modules/cborg": {
      "version": "6.1.1",
      "resolved": "https://registry.npmjs.org/cborg/-/cborg-6.1.1.tgz",
      "integrity": "sha512-Ci8+V1OMFtqea8EXicsATqV+3kEqCGXCicM+5MEzpKTxqy58WMzhJUjtUqAjfWpKPZ0wpG8F+u5mC8Xy/0Zevg==",
      "dev": true,
      "license": "Apache-2.0",
      "bin": {
        "cborg": "lib/bin.js"
      }
    },
    "node_modules/import-meta-resolve": {
      "version": "4.2.0",
      "resolved": "https://registry.npmjs.org/import-meta-resolve/-/import-meta-resolve-4.2.0.tgz",
      "integrity": "sha512-Iqv2fzaTQN28s/FwZAoFq0ZSs/7hMAHJVX+w8PZl3cY19Pxk6jFFalxQoIfW2826i/fDLXv8IiEZRIT0lDuWcg==",
      "dev": true,
      "license": "MIT",
      "funding": {
        "type": "github",
        "url": "https://github.com/sponsors/wooorm"
      }
    },
    "node_modules/multiformats": {
      "version": "14.0.5",
      "resolved": "https://registry.npmjs.org/multiformats/-/multiformats-14.0.5.tgz",
      "integrity": "sha512-vbIm83F2yZ1pWJGS0yl0ysracIvv56LtbrIyiIQHoLdYDJOMoLfVFsXhh9DUH4SFdkdkFhucyWniihsNzVEjkQ==",
      "dev": true,
      "license": "Apache-2.0 OR MIT"
    },
    "node_modules/nbb": {
      "version": "1.5.211",
      "resolved": "https://registry.npmjs.org/nbb/-/nbb-1.5.211.tgz",
      "integrity": "sha512-VgOlYvseeVYuDCAk5ehzAFZlNBu12gygZcIF2gRBFbNvCH5mMJlghvj8ag5gDZVNZ3AnorxWGAENMmcdVhIISQ==",
      "dev": true,
      "license": "EPL-1.0",
      "dependencies": {
        "import-meta-resolve": "^4.1.0"
      },
      "bin": {
        "nbb": "cli.js",
        "nbbun": "nbbun.js"
      }
    },
    "node_modules/varint": {
      "version": "6.0.0",
      "resolved": "https://registry.npmjs.org/varint/-/varint-6.0.0.tgz",
      "integrity": "sha512-cXEIW6cfr15lFv563k4GuVuW/fiwjknytD37jIOLSdSWuOI6WnO/oKwmP2FQTU2l01LP8/M5TSAJpzUaGe3uWg==",
      "dev": true,
      "license": "MIT"
    }
  }
}
